github.com/eduarddanziger/sound-win-scanner/v4 v4.0.4-rc001 h1:ERFctQYbHir5Lp/CDTc/MpWalm37StrKUsTBoYVhWCY=
github.com/eduarddanziger/sound-win-scanner/v4 v4.0.4-rc001/go.mod h1:YbdCq9Zgax67ucoRrGszvchz+zn8NkOfWmkE/pGG7hU=
github.com/eduarddanziger/sound-win-scanner/v4 v4.0.4-rc002 h1:65AzKoURCgjr9chYT4VFW7M0QjFVvVXZFZiAb4gInRA=
github.com/eduarddanziger/sound-win-scanner/v4 v4.0.4-rc002/go.mod h1:YbdCq9Zgax67ucoRrGszvchz+zn8NkOfWmkE/pGG7hU=
